// !$*UTF8*$!
{
	archiveVersion = 1;
	classes = {
	};
	objectVersion = 56;
	objects = {

/* Begin PBXBuildFile section */
		FD1045D22A55A384001F5D89 /* AppDelegate.swift in Sources */ = {isa = PBXBuildFile; fileRef = FD1045D12A55A384001F5D89 /* AppDelegate.swift */; };
		FD1045D42A55A384001F5D89 /* SceneDelegate.swift in Sources */ = {isa = PBXBuildFile; fileRef = FD1045D32A55A384001F5D89 /* SceneDelegate.swift */; };
		FD1045DB2A55A385001F5D89 /* Assets.xcassets in Resources */ = {isa = PBXBuildFile; fileRef = FD1045DA2A55A385001F5D89 /* Assets.xcassets */; };
		FD1045DE2A55A385001F5D89 /* LaunchScreen.storyboard in Resources */ = {isa = PBXBuildFile; fileRef = FD1045DC2A55A385001F5D89 /* LaunchScreen.storyboard */; };
		FD1045F02A55AA58001F5D89 /* HomeVC.swift in Sources */ = {isa = PBXBuildFile; fileRef = FD1045EF2A55AA58001F5D89 /* HomeVC.swift */; };
		FD1045F22A55ACD6001F5D89 /* NetworkManager.swift in Sources */ = {isa = PBXBuildFile; fileRef = FD1045F12A55ACD6001F5D89 /* NetworkManager.swift */; };
		FD1045F42A56D615001F5D89 /* MovieModel.swift in Sources */ = {isa = PBXBuildFile; fileRef = FD1045F32A56D615001F5D89 /* MovieModel.swift */; };
		FD1045F62A56E40D001F5D89 /* MovieService.swift in Sources */ = {isa = PBXBuildFile; fileRef = FD1045F52A56E40D001F5D89 /* MovieService.swift */; };
		FD1045F82A570A87001F5D89 /* ApiUrls.swift in Sources */ = {isa = PBXBuildFile; fileRef = FD1045F72A570A87001F5D89 /* ApiUrls.swift */; };
		FD1045FA2A570F36001F5D89 /* HomeViewModel.swift in Sources */ = {isa = PBXBuildFile; fileRef = FD1045F92A570F36001F5D89 /* HomeViewModel.swift */; };
		FD1045FD2A583236001F5D89 /* UIView+Ext.swift in Sources */ = {isa = PBXBuildFile; fileRef = FD1045FC2A583236001F5D89 /* UIView+Ext.swift */; };
		FD1045FF2A583B8B001F5D89 /* UIHelper.swift in Sources */ = {isa = PBXBuildFile; fileRef = FD1045FE2A583B8B001F5D89 /* UIHelper.swift */; };
		FD1046012A583C49001F5D89 /* CGFloat+Ext.swift in Sources */ = {isa = PBXBuildFile; fileRef = FD1046002A583C49001F5D89 /* CGFloat+Ext.swift */; };
		FD1046032A58442C001F5D89 /* MovieCell.swift in Sources */ = {isa = PBXBuildFile; fileRef = FD1046022A58442C001F5D89 /* MovieCell.swift */; };
		FD1046052A5C279F001F5D89 /* PosterImageView.swift in Sources */ = {isa = PBXBuildFile; fileRef = FD1046042A5C279F001F5D89 /* PosterImageView.swift */; };
		FD1046092A5D8C5F001F5D89 /* UICollectionView+Ext.swift in Sources */ = {isa = PBXBuildFile; fileRef = FD1046082A5D8C5F001F5D89 /* UICollectionView+Ext.swift */; };
		FD1046112A5EE56D001F5D89 /* DetailVC.swift in Sources */ = {isa = PBXBuildFile; fileRef = FD1046102A5EE56D001F5D89 /* DetailVC.swift */; };
		FD1046152A5EEBDE001F5D89 /* DetailViewModel.swift in Sources */ = {isa = PBXBuildFile; fileRef = FD1046142A5EEBDE001F5D89 /* DetailViewModel.swift */; };
		FD1FD99E2A7BCD2C0086F348 /* UILabel + Ext.swift in Sources */ = {isa = PBXBuildFile; fileRef = FD1FD99D2A7BCD2C0086F348 /* UILabel + Ext.swift */; };
/* End PBXBuildFile section */

/* Begin PBXFileReference section */
		FD1045CE2A55A384001F5D89 /* MVVM-Movies.app */ = {isa = PBXFileReference; explicitFileType = wrapper.application; includeInIndex = 0; path = "MVVM-Movies.app"; sourceTree = BUILT_PRODUCTS_DIR; };
		FD1045D12A55A384001F5D89 /* AppDelegate.swift */ = {isa = PBXFileReference; lastKnownFileType = sourcecode.swift; path = AppDelegate.swift; sourceTree = "<group>"; };
		FD1045D32A55A384001F5D89 /* SceneDelegate.swift */ = {isa = PBXFileReference; lastKnownFileType = sourcecode.swift; path = SceneDelegate.swift; sourceTree = "<group>"; };
		FD1045DA2A55A385001F5D89 /* Assets.xcassets */ = {isa = PBXFileReference; lastKnownFileType = folder.assetcatalog; path = Assets.xcassets; sourceTree = "<group>"; };
		FD1045DD2A55A385001F5D89 /* Base */ = {isa = PBXFileReference; lastKnownFileType = file.storyboard; name = Base; path = Base.lproj/LaunchScreen.storyboard; sourceTree = "<group>"; };
		FD1045DF2A55A385001F5D89 /* Info.plist */ = {isa = PBXFileReference; lastKnownFileType = text.plist.xml; path = Info.plist; sourceTree = "<group>"; };
		FD1045EF2A55AA58001F5D89 /* HomeVC.swift */ = {isa = PBXFileReference; lastKnownFileType = sourcecode.swift; path = HomeVC.swift; sourceTree = "<group>"; };
		FD1045F12A55ACD6001F5D89 /* NetworkManager.swift */ = {isa = PBXFileReference; lastKnownFileType = sourcecode.swift; path = NetworkManager.swift; sourceTree = "<group>"; };
		FD1045F32A56D615001F5D89 /* MovieModel.swift */ = {isa = PBXFileReference; lastKnownFileType = sourcecode.swift; path = MovieModel.swift; sourceTree = "<group>"; };
		FD1045F52A56E40D001F5D89 /* MovieService.swift */ = {isa = PBXFileReference; lastKnownFileType = sourcecode.swift; path = MovieService.swift; sourceTree = "<group>"; };
		FD1045F72A570A87001F5D89 /* ApiUrls.swift */ = {isa = PBXFileReference; lastKnownFileType = sourcecode.swift; path = ApiUrls.swift; sourceTree = "<group>"; };
		FD1045F92A570F36001F5D89 /* HomeViewModel.swift */ = {isa = PBXFileReference; lastKnownFileType = sourcecode.swift; path = HomeViewModel.swift; sourceTree = "<group>"; };
		FD1045FC2A583236001F5D89 /* UIView+Ext.swift */ = {isa = PBXFileReference; lastKnownFileType = sourcecode.swift; path = "UIView+Ext.swift"; sourceTree = "<group>"; };
		FD1045FE2A583B8B001F5D89 /* UIHelper.swift */ = {isa = PBXFileReference; lastKnownFileType = sourcecode.swift; path = UIHelper.swift; sourceTree = "<group>"; };
		FD1046002A583C49001F5D89 /* CGFloat+Ext.swift */ = {isa = PBXFileReference; lastKnownFileType = sourcecode.swift; path = "CGFloat+Ext.swift"; sourceTree = "<group>"; };
		FD1046022A58442C001F5D89 /* MovieCell.swift */ = {isa = PBXFileReference; lastKnownFileType = sourcecode.swift; path = MovieCell.swift; sourceTree = "<group>"; };
		FD1046042A5C279F001F5D89 /* PosterImageView.swift */ = {isa = PBXFileReference; lastKnownFileType = sourcecode.swift; path = PosterImageView.swift; sourceTree = "<group>"; };
		FD1046082A5D8C5F001F5D89 /* UICollectionView+Ext.swift */ = {isa = PBXFileReference; lastKnownFileType = sourcecode.swift; path = "UICollectionView+Ext.swift"; sourceTree = "<group>"; };
		FD1046102A5EE56D001F5D89 /* DetailVC.swift */ = {isa = PBXFileReference; lastKnownFileType = sourcecode.swift; path = DetailVC.swift; sourceTree = "<group>"; };
		FD1046142A5EEBDE001F5D89 /* DetailViewModel.swift */ = {isa = PBXFileReference; lastKnownFileType = sourcecode.swift; path = DetailViewModel.swift; sourceTree = "<group>"; };
		FD1FD99D2A7BCD2C0086F348 /* UILabel + Ext.swift */ = {isa = PBXFileReference; lastKnownFileType = sourcecode.swift; path = "UILabel + Ext.swift"; sourceTree = "<group>"; };
/* End PBXFileReference section */

/* Begin PBXFrameworksBuildPhase section */
		FD1045CB2A55A384001F5D89 /* Frameworks */ = {
			isa = PBXFrameworksBuildPhase;
			buildActionMask = 2147483647;
			files = (
			);
			runOnlyForDeploymentPostprocessing = 0;
		};
/* End PBXFrameworksBuildPhase section */

/* Begin PBXGroup section */
		FD1045C52A55A384001F5D89 = {
			isa = PBXGroup;
			children = (
				FD1045D02A55A384001F5D89 /* MVVM-Movies */,
				FD1045CF2A55A384001F5D89 /* Products */,
			);
			sourceTree = "<group>";
		};
		FD1045CF2A55A384001F5D89 /* Products */ = {
			isa = PBXGroup;
			children = (
				FD1045CE2A55A384001F5D89 /* MVVM-Movies.app */,
			);
			name = Products;
			sourceTree = "<group>";
		};
		FD1045D02A55A384001F5D89 /* MVVM-Movies */ = {
			isa = PBXGroup;
			children = (
				FD1045FB2A583221001F5D89 /* Extension */,
				FD1045E82A55A99B001F5D89 /* Core */,
				FD1045E72A55A98E001F5D89 /* Models */,
				FD1045E62A55A94F001F5D89 /* Service */,
				FD1045E52A55A933001F5D89 /* Utilities */,
				FD1045D12A55A384001F5D89 /* AppDelegate.swift */,
				FD1045D32A55A384001F5D89 /* SceneDelegate.swift */,
				FD1045DA2A55A385001F5D89 /* Assets.xcassets */,
				FD1045DC2A55A385001F5D89 /* LaunchScreen.storyboard */,
				FD1045DF2A55A385001F5D89 /* Info.plist */,
			);
			path = "MVVM-Movies";
			sourceTree = "<group>";
		};
		FD1045E52A55A933001F5D89 /* Utilities */ = {
			isa = PBXGroup;
			children = (
				FD1045F12A55ACD6001F5D89 /* NetworkManager.swift */,
				FD1045F72A570A87001F5D89 /* ApiUrls.swift */,
				FD1045FE2A583B8B001F5D89 /* UIHelper.swift */,
			);
			path = Utilities;
			sourceTree = "<group>";
		};
		FD1045E62A55A94F001F5D89 /* Service */ = {
			isa = PBXGroup;
			children = (
				FD1045F52A56E40D001F5D89 /* MovieService.swift */,
			);
			path = Service;
			sourceTree = "<group>";
		};
		FD1045E72A55A98E001F5D89 /* Models */ = {
			isa = PBXGroup;
			children = (
				FD1045F32A56D615001F5D89 /* MovieModel.swift */,
			);
			path = Models;
			sourceTree = "<group>";
		};
		FD1045E82A55A99B001F5D89 /* Core */ = {
			isa = PBXGroup;
			children = (
				FD10460F2A5EE54C001F5D89 /* DetailVC */,
				FD1045EA2A55AA02001F5D89 /* HomeVC */,
				FD1045E92A55A9A0001F5D89 /* Compenants */,
			);
			path = Core;
			sourceTree = "<group>";
		};
		FD1045E92A55A9A0001F5D89 /* Compenants */ = {
			isa = PBXGroup;
			children = (
				FD1046022A58442C001F5D89 /* MovieCell.swift */,
				FD1046042A5C279F001F5D89 /* PosterImageView.swift */,
			);
			path = Compenants;
			sourceTree = "<group>";
		};
		FD1045EA2A55AA02001F5D89 /* HomeVC */ = {
			isa = PBXGroup;
			children = (
				FD1045EF2A55AA58001F5D89 /* HomeVC.swift */,
				FD1045F92A570F36001F5D89 /* HomeViewModel.swift */,
			);
			path = HomeVC;
			sourceTree = "<group>";
		};
		FD1045FB2A583221001F5D89 /* Extension */ = {
			isa = PBXGroup;
			children = (
				FD1045FC2A583236001F5D89 /* UIView+Ext.swift */,
				FD1046002A583C49001F5D89 /* CGFloat+Ext.swift */,
				FD1046082A5D8C5F001F5D89 /* UICollectionView+Ext.swift */,
				FD1FD99D2A7BCD2C0086F348 /* UILabel + Ext.swift */,
			);
			path = Extension;
			sourceTree = "<group>";
		};
		FD10460F2A5EE54C001F5D89 /* DetailVC */ = {
			isa = PBXGroup;
			children = (
				FD1046102A5EE56D001F5D89 /* DetailVC.swift */,
				FD1046142A5EEBDE001F5D89 /* DetailViewModel.swift */,
			);
			path = DetailVC;
			sourceTree = "<group>";
		};
/* End PBXGroup section */

/* Begin PBXNativeTarget section */
		FD1045CD2A55A384001F5D89 /* MVVM-Movies */ = {
			isa = PBXNativeTarget;
			buildConfigurationList = FD1045E22A55A385001F5D89 /* Build configuration list for PBXNativeTarget "MVVM-Movies" */;
			buildPhases = (
				FD1045CA2A55A384001F5D89 /* Sources */,
				FD1045CB2A55A384001F5D89 /* Frameworks */,
				FD1045CC2A55A384001F5D89 /* Resources */,
			);
			buildRules = (
			);
			dependencies = (
			);
			name = "MVVM-Movies";
			productName = "MVVM-Movies";
			productReference = FD1045CE2A55A384001F5D89 /* MVVM-Movies.app */;
			productType = "com.apple.product-type.application";
		};
/* End PBXNativeTarget section */

/* Begin PBXProject section */
		FD1045C62A55A384001F5D89 /* Project object */ = {
			isa = PBXProject;
			attributes = {
				BuildIndependentTargetsInParallel = 1;
				LastSwiftUpdateCheck = 1430;
				LastUpgradeCheck = 1430;
				TargetAttributes = {
					FD1045CD2A55A384001F5D89 = {
						CreatedOnToolsVersion = 14.3;
					};
				};
			};
			buildConfigurationList = FD1045C92A55A384001F5D89 /* Build configuration list for PBXProject "MVVM-Movies" */;
			compatibilityVersion = "Xcode 14.0";
			developmentRegion = en;
			hasScannedForEncodings = 0;
			knownRegions = (
				en,
				Base,
			);
			mainGroup = FD1045C52A55A384001F5D89;
			productRefGroup = FD1045CF2A55A384001F5D89 /* Products */;
			projectDirPath = "";
			projectRoot = "";
			targets = (
				FD1045CD2A55A384001F5D89 /* MVVM-Movies */,
			);
		};
/* End PBXProject section */

/* Begin PBXResourcesBuildPhase section */
		FD1045CC2A55A384001F5D89 /* Resources */ = {
			isa = PBXResourcesBuildPhase;
			buildActionMask = 2147483647;
			files = (
				FD1045DE2A55A385001F5D89 /* LaunchScreen.storyboard in Resources */,
				FD1045DB2A55A385001F5D89 /* Assets.xcassets in Resources */,
			);
			runOnlyForDeploymentPostprocessing = 0;
		};
/* End PBXResourcesBuildPhase section */

/* Begin PBXSourcesBuildPhase section */
		FD1045CA2A55A384001F5D89 /* Sources */ = {
			isa = PBXSourcesBuildPhase;
			buildActionMask = 2147483647;
			files = (
				FD1045F82A570A87001F5D89 /* ApiUrls.swift in Sources */,
				FD1045FA2A570F36001F5D89 /* HomeViewModel.swift in Sources */,
				FD1046032A58442C001F5D89 /* MovieCell.swift in Sources */,
				FD1045F42A56D615001F5D89 /* MovieModel.swift in Sources */,
				FD1046012A583C49001F5D89 /* CGFloat+Ext.swift in Sources */,
				FD1046112A5EE56D001F5D89 /* DetailVC.swift in Sources */,
				FD1045FF2A583B8B001F5D89 /* UIHelper.swift in Sources */,
				FD1045F02A55AA58001F5D89 /* HomeVC.swift in Sources */,
				FD1FD99E2A7BCD2C0086F348 /* UILabel + Ext.swift in Sources */,
				FD1045F22A55ACD6001F5D89 /* NetworkManager.swift in Sources */,
				FD1045FD2A583236001F5D89 /* UIView+Ext.swift in Sources */,
				FD1045D22A55A384001F5D89 /* AppDelegate.swift in Sources */,
				FD1046092A5D8C5F001F5D89 /* UICollectionView+Ext.swift in Sources */,
				FD1045D42A55A384001F5D89 /* SceneDelegate.swift in Sources */,
				FD1046052A5C279F001F5D89 /* PosterImageView.swift in Sources */,
				FD1045F62A56E40D001F5D89 /* MovieService.swift in Sources */,
				FD1046152A5EEBDE001F5D89 /* DetailViewModel.swift in Sources */,
			);
			runOnlyForDeploymentPostprocessing = 0;
		};
/* End PBXSourcesBuildPhase section */

/* Begin PBXVariantGroup section */
		FD1045DC2A55A385001F5D89 /* LaunchScreen.storyboard */ = {
			isa = PBXVariantGroup;
			children = (
				FD1045DD2A55A385001F5D89 /* Base */,
			);
			name = LaunchScreen.storyboard;
			sourceTree = "<group>";
		};
/* End PBXVariantGroup section */

/* Begin XCBuildConfiguration section */
		FD1045E02A55A385001F5D89 /* Debug */ = {
			isa = XCBuildConfiguration;
			buildSettings = {
				ALWAYS_SEARCH_USER_PATHS = NO;
				CLANG_ANALYZER_NONNULL = YES;
				CLANG_ANALYZER_NUMBER_OBJECT_CONVERSION = YES_AGGRESSIVE;
				CLANG_CXX_LANGUAGE_STANDARD = "gnu++20";
				CLANG_ENABLE_MODULES = YES;
				CLANG_ENABLE_OBJC_ARC = YES;
				CLANG_ENABLE_OBJC_WEAK = YES;
				CLANG_WARN_BLOCK_CAPTURE_AUTORELEASING = YES;
				CLANG_WARN_BOOL_CONVERSION = YES;
				CLANG_WARN_COMMA = YES;
				CLANG_WARN_CONSTANT_CONVERSION = YES;
				CLANG_WARN_DEPRECATED_OBJC_IMPLEMENTATIONS = YES;
				CLANG_WARN_DIRECT_OBJC_ISA_USAGE = YES_ERROR;
				CLANG_WARN_DOCUMENTATION_COMMENTS = YES;
				CLANG_WARN_EMPTY_BODY = YES;
				CLANG_WARN_ENUM_CONVERSION = YES;
				CLANG_WARN_INFINITE_RECURSION = YES;
				CLANG_WARN_INT_CONVERSION = YES;
				CLANG_WARN_NON_LITERAL_NULL_CONVERSION = YES;
				CLANG_WARN_OBJC_IMPLICIT_RETAIN_SELF = YES;
				CLANG_WARN_OBJC_LITERAL_CONVERSION = YES;
				CLANG_WARN_OBJC_ROOT_CLASS = YES_ERROR;
				CLANG_WARN_QUOTED_INCLUDE_IN_FRAMEWORK_HEADER = YES;
				CLANG_WARN_RANGE_LOOP_ANALYSIS = YES;
				CLANG_WARN_STRICT_PROTOTYPES = YES;
				CLANG_WARN_SUSPICIOUS_MOVE = YES;
				CLANG_WARN_UNGUARDED_AVAILABILITY = YES_AGGRESSIVE;
				CLANG_WARN_UNREACHABLE_CODE = YES;
				CLANG_WARN__DUPLICATE_METHOD_MATCH = YES;
				COPY_PHASE_STRIP = NO;
				DEBUG_INFORMATION_FORMAT = dwarf;
				ENABLE_STRICT_OBJC_MSGSEND = YES;
				ENABLE_TESTABILITY = YES;
				GCC_C_LANGUAGE_STANDARD = gnu11;
				GCC_DYNAMIC_NO_PIC = NO;
				GCC_NO_COMMON_BLOCKS = YES;
				GCC_OPTIMIZATION_LEVEL = 0;
				GCC_PREPROCESSOR_DEFINITIONS = (
					"DEBUG=1",
					"$(inherited)",
				);
				GCC_WARN_64_TO_32_BIT_CONVERSION = YES;
				GCC_WARN_ABOUT_RETURN_TYPE = YES_ERROR;
				GCC_WARN_UNDECLARED_SELECTOR = YES;
				GCC_WARN_UNINITIALIZED_AUTOS = YES_AGGRESSIVE;
				GCC_WARN_UNUSED_FUNCTION = YES;
				GCC_WARN_UNUSED_VARIABLE = YES;
				IPHONEOS_DEPLOYMENT_TARGET = 16.4;
				MTL_ENABLE_DEBUG_INFO = INCLUDE_SOURCE;
				MTL_FAST_MATH = YES;
				ONLY_ACTIVE_ARCH = YES;
				SDKROOT = iphoneos;
				SWIFT_ACTIVE_COMPILATION_CONDITIONS = DEBUG;
				SWIFT_OPTIMIZATION_LEVEL = "-Onone";
			};
			name = Debug;
		};
		FD1045E12A55A385001F5D89 /* Release */ = {
			isa = XCBuildConfiguration;
			buildSettings = {
				ALWAYS_SEARCH_USER_PATHS = NO;
				CLANG_ANALYZER_NONNULL = YES;
				CLANG_ANALYZER_NUMBER_OBJECT_CONVERSION = YES_AGGRESSIVE;
				CLANG_CXX_LANGUAGE_STANDARD = "gnu++20";
				CLANG_ENABLE_MODULES = YES;
				CLANG_ENABLE_OBJC_ARC = YES;
				CLANG_ENABLE_OBJC_WEAK = YES;
				CLANG_WARN_BLOCK_CAPTURE_AUTORELEASING = YES;
				CLANG_WARN_BOOL_CONVERSION = YES;
				CLANG_WARN_COMMA = YES;
				CLANG_WARN_CONSTANT_CONVERSION = YES;
				CLANG_WARN_DEPRECATED_OBJC_IMPLEMENTATIONS = YES;
				CLANG_WARN_DIRECT_OBJC_ISA_USAGE = YES_ERROR;
				CLANG_WARN_DOCUMENTATION_COMMENTS = YES;
				CLANG_WARN_EMPTY_BODY = YES;
				CLANG_WARN_ENUM_CONVERSION = YES;
				CLANG_WARN_INFINITE_RECURSION = YES;
				CLANG_WARN_INT_CONVERSION = YES;
				CLANG_WARN_NON_LITERAL_NULL_CONVERSION = YES;
				CLANG_WARN_OBJC_IMPLICIT_RETAIN_SELF = YES;
				CLANG_WARN_OBJC_LITERAL_CONVERSION = YES;
				CLANG_WARN_OBJC_ROOT_CLASS = YES_ERROR;
				CLANG_WARN_QUOTED_INCLUDE_IN_FRAMEWORK_HEADER = YES;
				CLANG_WARN_RANGE_LOOP_ANALYSIS = YES;
				CLANG_WARN_STRICT_PROTOTYPES = YES;
				CLANG_WARN_SUSPICIOUS_MOVE = YES;
				CLANG_WARN_UNGUARDED_AVAILABILITY = YES_AGGRESSIVE;
				CLANG_WARN_UNREACHABLE_CODE = YES;
				CLANG_WARN__DUPLICATE_METHOD_MATCH = YES;
				COPY_PHASE_STRIP = NO;
				DEBUG_INFORMATION_FORMAT = "dwarf-with-dsym";
				ENABLE_NS_ASSERTIONS = NO;
				ENABLE_STRICT_OBJC_MSGSEND = YES;
				GCC_C_LANGUAGE_STANDARD = gnu11;
				GCC_NO_COMMON_BLOCKS = YES;
				GCC_WARN_64_TO_32_BIT_CONVERSION = YES;
				GCC_WARN_ABOUT_RETURN_TYPE = YES_ERROR;
				GCC_WARN_UNDECLARED_SELECTOR = YES;
				GCC_WARN_UNINITIALIZED_AUTOS = YES_AGGRESSIVE;
				GCC_WARN_UNUSED_FUNCTION = YES;
				GCC_WARN_UNUSED_VARIABLE = YES;
				IPHONEOS_DEPLOYMENT_TARGET = 16.4;
				MTL_ENABLE_DEBUG_INFO = NO;
				MTL_FAST_MATH = YES;
				SDKROOT = iphoneos;
				SWIFT_COMPILATION_MODE = wholemodule;
				SWIFT_OPTIMIZATION_LEVEL = "-O";
				VALIDATE_PRODUCT = YES;
			};
			name = Release;
		};
		FD1045E32A55A385001F5D89 /* Debug */ = {
			isa = XCBuildConfiguration;
			buildSettings = {
				ASSETCATALOG_COMPILER_APPICON_NAME = AppIcon;
				ASSETCATALOG_COMPILER_GLOBAL_ACCENT_COLOR_NAME = AccentColor;
				CODE_SIGN_STYLE = Automatic;
				CURRENT_PROJECT_VERSION = 1;
				DEVELOPMENT_TEAM = JHL6MZS5FG;
				GENERATE_INFOPLIST_FILE = YES;
				INFOPLIST_FILE = "MVVM-Movies/Info.plist";
				INFOPLIST_KEY_UIApplicationSupportsIndirectInputEvents = YES;
				INFOPLIST_KEY_UILaunchStoryboardName = LaunchScreen;
				INFOPLIST_KEY_UISupportedInterfaceOrientations_iPad = "UIInterfaceOrientationPortrait UIInterfaceOrientationPortraitUpsideDown UIInterfaceOrientationLandscapeLeft UIInterfaceOrientationLandscapeRight";
				INFOPLIST_KEY_UISupportedInterfaceOrientations_iPhone = "UIInterfaceOrientationPortrait UIInterfaceOrientationLandscapeLeft UIInterfaceOrientationLandscapeRight";
				LD_RUNPATH_SEARCH_PATHS = (
					"$(inherited)",
					"@executable_path/Frameworks",
				);
				MARKETING_VERSION = 1.0;
				PRODUCT_BUNDLE_IDENTIFIER = "test123.MVVM-Movies";
				PRODUCT_NAME = "$(TARGET_NAME)";
				SWIFT_EMIT_LOC_STRINGS = YES;
				SWIFT_VERSION = 5.0;
				TARGETED_DEVICE_FAMILY = "1,2";
			};
			name = Debug;
		};
		FD1045E42A55A385001F5D89 /* Release */ = {
			isa = XCBuildConfiguration;
			buildSettings = {
				ASSETCATALOG_COMPILER_APPICON_NAME = AppIcon;
				ASSETCATALOG_COMPILER_GLOBAL_ACCENT_COLOR_NAME = AccentColor;
				CODE_SIGN_STYLE = Automatic;
				CURRENT_PROJECT_VERSION = 1;
				DEVELOPMENT_TEAM = JHL6MZS5FG;
				GENERATE_INFOPLIST_FILE = YES;
				INFOPLIST_FILE = "MVVM-Movies/Info.plist";
				INFOPLIST_KEY_UIApplicationSupportsIndirectInputEvents = YES;
				INFOPLIST_KEY_UILaunchStoryboardName = LaunchScreen;
				INFOPLIST_KEY_UISupportedInterfaceOrientations_iPad = "UIInterfaceOrientationPortrait UIInterfaceOrientationPortraitUpsideDown UIInterfaceOrientationLandscapeLeft UIInterfaceOrientationLandscapeRight";
				INFOPLIST_KEY_UISupportedInterfaceOrientations_iPhone = "UIInterfaceOrientationPortrait UIInterfaceOrientationLandscapeLeft UIInterfaceOrientationLandscapeRight";
				LD_RUNPATH_SEARCH_PATHS = (
					"$(inherited)",
					"@executable_path/Frameworks",
				);
				MARKETING_VERSION = 1.0;
				PRODUCT_BUNDLE_IDENTIFIER = "test123.MVVM-Movies";
				PRODUCT_NAME = "$(TARGET_NAME)";
				SWIFT_EMIT_LOC_STRINGS = YES;
				SWIFT_VERSION = 5.0;
				TARGETED_DEVICE_FAMILY = "1,2";
			};
			name = Release;
		};
/* End XCBuildConfiguration section */

/* Begin XCConfigurationList section */
		FD1045C92A55A384001F5D89 /* Build configuration list for PBXProject "MVVM-Movies" */ = {
			isa = XCConfigurationList;
			buildConfigurations = (
				FD1045E02A55A385001F5D89 /* Debug */,
				FD1045E12A55A385001F5D89 /* Release */,
			);
			defaultConfigurationIsVisible = 0;
			defaultConfigurationName = Release;
		};
		FD1045E22A55A385001F5D89 /* Build configuration list for PBXNativeTarget "MVVM-Movies" */ = {
			isa = XCConfigurationList;
			buildConfigurations = (
				FD1045E32A55A385001F5D89 /* Debug */,
				FD1045E42A55A385001F5D89 /* Release */,
			);
			defaultConfigurationIsVisible = 0;
			defaultConfigurationName = Release;
		};
/* End XCConfigurationList section */
	};
	rootObject = FD1045C62A55A384001F5D89 /* Project object */;
}
